{"1.1.0",
[{<<"ephp">>,
  {git,"https://github.com/bragful/ephp",
       {ref,"c131650721ebf462e84929a4a10ea839a1c372a5"}},
  0},
 {<<"ezic">>,
  {git,"https://github.com/waj/ezic.git",
       {ref,"f27b57e00a9d4aeb75ee7147390a2b2f8812697b"}},
  1},
 {<<"fast_xml">>,{pkg,<<"fast_xml">>,<<"1.1.24">>},1},
 {<<"p1_utils">>,{pkg,<<"p1_utils">>,<<"1.0.10">>},2},
 {<<"recon">>,{pkg,<<"recon">>,<<"2.3.2">>},1},
 {<<"snatch">>,{pkg,<<"snatch">>,<<"0.2.0">>},0},
 {<<"unistring">>,
  {git,"https://github.com/altenwald/unistring.git",
       {ref,"9edbf2afc049d1a7b47d2ec054de04b9bcf5d095"}},
  1},
 {<<"zucchini">>,
  {git,"https://github.com/altenwald/zucchini.git",
       {ref,"e73578f1e1a960c9af1cc3be6bb84bdf59680358"}},
  1}]}.
[
{pkg_hash,[
 {<<"fast_xml">>, <<"66F0D9FC52A862013806C1474B3335A818A33156F68F83C6538A17B6A26DB422">>},
 {<<"p1_utils">>, <<"A6D6927114BAC79CF6468A10824125492034AF7071ADC6ED5EBC4DDB443845D4">>},
 {<<"recon">>, <<"4444C879BE323B1B133EEC5241CB84BD3821EA194C740D75617E106BE4744318">>},
 {<<"snatch">>, <<"99AA88F6572EBD53159087A2A9BABEF095EED2D9BF6C0E357C036768B0AB55D8">>}]}
].
